<?xml version="1.0" encoding="utf-8"?>
<Project ToolsVersion="4.0" xmlns="http://schemas.microsoft.com/developer/msbuild/2003">
  <ItemGroup>
    <ClInclude Include="MainHub.h" />
    <ClInclude Include="MainHubLevel.h">
      <Filter>Level</Filter>
    </ClInclude>
    <ClInclude Include="ContentsEnum.h">
      <Filter>Global</Filter>
    </ClInclude>
    <ClInclude Include="BackGround.h">
      <Filter>Global</Filter>
    </ClInclude>
    <ClInclude Include="Bullet.h">
      <Filter>Global</Filter>
    </ClInclude>
    <ClInclude Include="TitleLevel.h">
      <Filter>Level</Filter>
    </ClInclude>
    <ClInclude Include="Stage.h">
      <Filter>Global</Filter>
    </ClInclude>
    <ClInclude Include="GravityActor.h" />
    <ClInclude Include="Monster.h">
      <Filter>Global</Filter>
    </ClInclude>
    <ClInclude Include="UIManager.h" />
    <ClInclude Include="VegetableValleyLevel.h">
      <Filter>Level</Filter>
    </ClInclude>
    <ClInclude Include="BurningKirby.h">
      <Filter>Kirby</Filter>
    </ClInclude>
    <ClInclude Include="AirAttack.h">
      <Filter>Global</Filter>
    </ClInclude>
    <ClInclude Include="Star.h">
      <Filter>Global</Filter>
    </ClInclude>
    <ClInclude Include="Portal.h">
      <Filter>Global</Filter>
    </ClInclude>
    <ClInclude Include="VegetableValley2Level.h">
      <Filter>Level</Filter>
    </ClInclude>
    <ClInclude Include="VegetableValley3Level.h">
      <Filter>Level</Filter>
    </ClInclude>
    <ClInclude Include="WaddleDee.h">
      <Filter>Monster</Filter>
    </ClInclude>
    <ClInclude Include="BurningMonster.h">
      <Filter>Monster</Filter>
    </ClInclude>
    <ClInclude Include="SparkMonster.h">
      <Filter>Monster</Filter>
    </ClInclude>
    <ClInclude Include="FadeObject.h">
      <Filter>Global</Filter>
    </ClInclude>
    <ClInclude Include="Kirby.h">
      <Filter>Kirby</Filter>
    </ClInclude>
    <ClInclude Include="SparkKirby.h">
      <Filter>Kirby</Filter>
    </ClInclude>
    <ClInclude Include="SwordKirby.h">
      <Filter>Kirby</Filter>
    </ClInclude>
    <ClInclude Include="SwordMan.h">
      <Filter>Monster</Filter>
    </ClInclude>
    <ClInclude Include="DesertLevel.h">
      <Filter>Level</Filter>
    </ClInclude>
    <ClInclude Include="DesertLevel2.h">
      <Filter>Level</Filter>
    </ClInclude>
    <ClInclude Include="DesertLevel3.h">
      <Filter>Level</Filter>
    </ClInclude>
  </ItemGroup>
  <ItemGroup>
    <ClCompile Include="MainHub.cpp" />
    <ClCompile Include="MainHubLevel.cpp">
      <Filter>Level</Filter>
    </ClCompile>
    <ClCompile Include="Stage.cpp">
      <Filter>Global</Filter>
    </ClCompile>
    <ClCompile Include="BackGround.cpp">
      <Filter>Global</Filter>
    </ClCompile>
    <ClCompile Include="Bullet.cpp">
      <Filter>Global</Filter>
    </ClCompile>
    <ClCompile Include="TitleLevel.cpp">
      <Filter>Level</Filter>
    </ClCompile>
    <ClCompile Include="GravityActor.cpp" />
    <ClCompile Include="Monster.cpp">
      <Filter>Global</Filter>
    </ClCompile>
    <ClCompile Include="UIManager.cpp" />
    <ClCompile Include="VegetableValleyLevel.cpp">
      <Filter>Level</Filter>
    </ClCompile>
    <ClCompile Include="BurningKirby.cpp">
      <Filter>Kirby</Filter>
    </ClCompile>
    <ClCompile Include="BurningKirbyStatecpp.cpp">
      <Filter>Kirby</Filter>
    </ClCompile>
    <ClCompile Include="AirAttack.cpp">
      <Filter>Global</Filter>
    </ClCompile>
    <ClCompile Include="Star.cpp">
      <Filter>Global</Filter>
    </ClCompile>
    <ClCompile Include="Portal.cpp">
      <Filter>Global</Filter>
    </ClCompile>
    <ClCompile Include="VegetableValley2Level.cpp">
      <Filter>Level</Filter>
    </ClCompile>
    <ClCompile Include="VegetableValley3Level.cpp">
      <Filter>Level</Filter>
    </ClCompile>
    <ClCompile Include="WaddleDee.cpp">
      <Filter>Monster</Filter>
    </ClCompile>
    <ClCompile Include="WaddleDeeState.cpp">
      <Filter>Monster</Filter>
    </ClCompile>
    <ClCompile Include="BurningMonster.cpp">
      <Filter>Monster</Filter>
    </ClCompile>
    <ClCompile Include="BurningMonsterState.cpp">
      <Filter>Monster</Filter>
    </ClCompile>
    <ClCompile Include="SparkMonster.cpp">
      <Filter>Monster</Filter>
    </ClCompile>
    <ClCompile Include="SparkMonsterState.cpp">
      <Filter>Monster</Filter>
    </ClCompile>
    <ClCompile Include="FadeObject.cpp">
      <Filter>Global</Filter>
    </ClCompile>
    <ClCompile Include="Kirby_State.cpp">
      <Filter>Kirby</Filter>
    </ClCompile>
    <ClCompile Include="Kirby.cpp">
      <Filter>Kirby</Filter>
    </ClCompile>
    <ClCompile Include="SparkKirby.cpp">
      <Filter>Kirby</Filter>
    </ClCompile>
    <ClCompile Include="SparkKirbyState.cpp">
      <Filter>Kirby</Filter>
    </ClCompile>
    <ClCompile Include="SwordKirbyState.cpp">
      <Filter>Kirby</Filter>
    </ClCompile>
    <ClCompile Include="SwordKirby.cpp">
      <Filter>Kirby</Filter>
    </ClCompile>
    <ClCompile Include="SwordMan.cpp">
      <Filter>Monster</Filter>
    </ClCompile>
    <ClCompile Include="SwordManState.cpp">
      <Filter>Monster</Filter>
    </ClCompile>
    <ClCompile Include="DesertLevel.cpp">
      <Filter>Level</Filter>
    </ClCompile>
    <ClCompile Include="DesertLevel2.cpp">
      <Filter>Level</Filter>
    </ClCompile>
    <ClCompile Include="DesertLevel3.cpp">
      <Filter>Level</Filter>
    </ClCompile>
  </ItemGroup>
  <ItemGroup>
    <Filter Include="Level">
      <UniqueIdentifier>{f8eaafc6-499d-4f41-ac38-dccd46e2df7c}</UniqueIdentifier>
    </Filter>
    <Filter Include="Global">
      <UniqueIdentifier>{8096eb9f-2489-46c6-94d1-ca2fb34d8d6e}</UniqueIdentifier>
    </Filter>
    <Filter Include="Kirby">
      <UniqueIdentifier>{1f218c4c-2edf-4902-8da8-cfe14bb63179}</UniqueIdentifier>
    </Filter>
    <Filter Include="Monster">
      <UniqueIdentifier>{9a0e7d8d-6ab7-40cd-889d-c8147712c727}</UniqueIdentifier>
    </Filter>
  </ItemGroup>
</Project>